NeoBundleLock ctrlp.vim bde7a2950adaa82e894d7bdf69e3e7383e40d229
NeoBundleLock deoplete-clang 29dd29be59e1a800c3f6b99520305b86bfb512fc
NeoBundleLock deoplete-jedi ba16d628484c3ba2c86f3a3350f3c12fd9df283b
NeoBundleLock deoplete.nvim 60bed29fb33cf32a3946509c3e983c2f4a239d40
NeoBundleLock neobundle.vim 26d03781886ed887e390d4ad8b935987754b1c2c
NeoBundleLock neosnippet-snippets 8dbb78599984140c50418d3dd23d0de4c8f13e74
NeoBundleLock neosnippet.vim ddd01d0ee3d965d9a30051f2e12b14234c83b3ae
NeoBundleLock nerdtree 8a6ae7c6338378b6bb28ad0cf03e71ff0fd11a5a
NeoBundleLock vim-airline 27acd851a780c563cb4807fc0ea3af9caccbb585
NeoBundleLock vim-airline-themes af3292dbbb6d8abe35d0ad50bd86b6ac6219abb7
NeoBundleLock vim-colorschemes eab315701f4627967fd62582eefc4e37a3745786
NeoBundleLock vim-fugitive 8f60d1d459362771cb68c0097565efdf52e62ec3
NeoBundleLock vimshell d0c5bef010237855b4de25863bc54895effe5d7a
